
Microsoft Visual Studio Solution File, Format Version 12.00
# Visual Studio Version 16
VisualStudioVersion = 16.0.31005.135
MinimumVisualStudioVersion = 10.0.40219.1
Project("{FAE04EC0-301F-11D3-BF4B-00C04F79EFBC}") = "AtoresFilmes", "AtoresFilmes\AtoresFilmes.csproj", "{87C2CAA9-9061-495E-A392-C1A109BDB33A}"
EndProject
Global
	GlobalSection(SolutionConfigurationPlatforms) = preSolution
		Debug|Any CPU = Debug|Any CPU
		Release|Any CPU = Release|Any CPU
	EndGlobalSection
	GlobalSection(ProjectConfigurationPlatforms) = postSolution
		{87C2CAA9-9061-495E-A392-C1A109BDB33A}.Debug|Any CPU.ActiveCfg = Debug|Any CPU
		{87C2CAA9-9061-495E-A392-C1A109BDB33A}.Debug|Any CPU.Build.0 = Debug|Any CPU
		{87C2CAA9-9061-495E-A392-C1A109BDB33A}.Release|Any CPU.ActiveCfg = Release|Any CPU
		{87C2CAA9-9061-495E-A392-C1A109BDB33A}.Release|Any CPU.Build.0 = Release|Any CPU
	EndGlobalSection
	GlobalSection(SolutionProperties) = preSolution
		HideSolutionNode = FALSE
	EndGlobalSection
	GlobalSection(ExtensibilityGlobals) = postSolution
		SolutionGuid = {3BF3C524-C062-409D-8D70-4524AF2598B9}
	EndGlobalSection
EndGlobal
